// !$*UTF8*$!
{
	archiveVersion = 1;
	classes = {
	};
	objectVersion = 50;
	objects = {

/* Begin PBXBuildFile section */
		019068B723B165A30093536C /* Controller.cpp in Sources */ = {isa = PBXBuildFile; fileRef = 019068B523B165A30093536C /* Controller.cpp */; };
		01D59B6723B6040D00107258 /* Controllers.cpp in Sources */ = {isa = PBXBuildFile; fileRef = 01D59B6523B6040D00107258 /* Controllers.cpp */; };
		01E08EE923A7F7780091F4D9 /* Document.cpp in Sources */ = {isa = PBXBuildFile; fileRef = 01E08EE723A7F7780091F4D9 /* Document.cpp */; };
		01F0B33B23A4452B006072B6 /* main.cpp in Sources */ = {isa = PBXBuildFile; fileRef = 01F0B33A23A4452B006072B6 /* main.cpp */; };
		01F0B34323A445C6006072B6 /* libncurses.tbd in Frameworks */ = {isa = PBXBuildFile; fileRef = 01F0B34223A445AA006072B6 /* libncurses.tbd */; };
		01F0B34523A45ADE006072B6 /* libform.tbd in Frameworks */ = {isa = PBXBuildFile; fileRef = 01F0B34423A45AD4006072B6 /* libform.tbd */; };
/* End PBXBuildFile section */

/* Begin PBXCopyFilesBuildPhase section */
		01F0B33523A4452B006072B6 /* CopyFiles */ = {
			isa = PBXCopyFilesBuildPhase;
			buildActionMask = 2147483647;
			dstPath = /usr/share/man/man1/;
			dstSubfolderSpec = 0;
			files = (
			);
			runOnlyForDeploymentPostprocessing = 1;
		};
/* End PBXCopyFilesBuildPhase section */

/* Begin PBXFileReference section */
		019068B523B165A30093536C /* Controller.cpp */ = {isa = PBXFileReference; lastKnownFileType = sourcecode.cpp.cpp; path = Controller.cpp; sourceTree = "<group>"; };
		019068B623B165A30093536C /* Controller.hpp */ = {isa = PBXFileReference; lastKnownFileType = sourcecode.cpp.h; path = Controller.hpp; sourceTree = "<group>"; };
		01D59B6523B6040D00107258 /* Controllers.cpp */ = {isa = PBXFileReference; lastKnownFileType = sourcecode.cpp.cpp; path = Controllers.cpp; sourceTree = "<group>"; };
		01D59B6623B6040D00107258 /* Controllers.hpp */ = {isa = PBXFileReference; lastKnownFileType = sourcecode.cpp.h; path = Controllers.hpp; sourceTree = "<group>"; };
		01E08EE723A7F7780091F4D9 /* Document.cpp */ = {isa = PBXFileReference; lastKnownFileType = sourcecode.cpp.cpp; path = Document.cpp; sourceTree = "<group>"; };
		01E08EE823A7F7780091F4D9 /* Document.hpp */ = {isa = PBXFileReference; lastKnownFileType = sourcecode.cpp.h; path = Document.hpp; sourceTree = "<group>"; };
		01E08EEA23A7FA180091F4D9 /* json.hpp */ = {isa = PBXFileReference; lastKnownFileType = sourcecode.cpp.h; path = json.hpp; sourceTree = "<group>"; };
		01F0B33723A4452B006072B6 /* umlSequence */ = {isa = PBXFileReference; explicitFileType = "compiled.mach-o.executable"; includeInIndex = 0; path = umlSequence; sourceTree = BUILT_PRODUCTS_DIR; };
		01F0B33A23A4452B006072B6 /* main.cpp */ = {isa = PBXFileReference; lastKnownFileType = sourcecode.cpp.cpp; path = main.cpp; sourceTree = "<group>"; };
		01F0B34223A445AA006072B6 /* libncurses.tbd */ = {isa = PBXFileReference; lastKnownFileType = "sourcecode.text-based-dylib-definition"; name = libncurses.tbd; path = usr/lib/libncurses.tbd; sourceTree = SDKROOT; };
		01F0B34423A45AD4006072B6 /* libform.tbd */ = {isa = PBXFileReference; lastKnownFileType = "sourcecode.text-based-dylib-definition"; name = libform.tbd; path = usr/lib/libform.tbd; sourceTree = SDKROOT; };
/* End PBXFileReference section */

/* Begin PBXFrameworksBuildPhase section */
		01F0B33423A4452B006072B6 /* Frameworks */ = {
			isa = PBXFrameworksBuildPhase;
			buildActionMask = 2147483647;
			files = (
				01F0B34523A45ADE006072B6 /* libform.tbd in Frameworks */,
				01F0B34323A445C6006072B6 /* libncurses.tbd in Frameworks */,
			);
			runOnlyForDeploymentPostprocessing = 0;
		};
/* End PBXFrameworksBuildPhase section */

/* Begin PBXGroup section */
		01F0B32E23A4452B006072B6 = {
			isa = PBXGroup;
			children = (
				01F0B33923A4452B006072B6 /* umlSequence */,
				01F0B33823A4452B006072B6 /* Products */,
				01F0B34123A445AA006072B6 /* Frameworks */,
			);
			sourceTree = "<group>";
		};
		01F0B33823A4452B006072B6 /* Products */ = {
			isa = PBXGroup;
			children = (
				01F0B33723A4452B006072B6 /* umlSequence */,
			);
			name = Products;
			sourceTree = "<group>";
		};
		01F0B33923A4452B006072B6 /* umlSequence */ = {
			isa = PBXGroup;
			children = (
				01F0B33A23A4452B006072B6 /* main.cpp */,
				01E08EE723A7F7780091F4D9 /* Document.cpp */,
				01E08EE823A7F7780091F4D9 /* Document.hpp */,
				01D59B6523B6040D00107258 /* Controllers.cpp */,
				01D59B6623B6040D00107258 /* Controllers.hpp */,
				019068B523B165A30093536C /* Controller.cpp */,
				019068B623B165A30093536C /* Controller.hpp */,
				01E08EEA23A7FA180091F4D9 /* json.hpp */,
			);
			path = umlSequence;
			sourceTree = "<group>";
		};
		01F0B34123A445AA006072B6 /* Frameworks */ = {
			isa = PBXGroup;
			children = (
				01F0B34423A45AD4006072B6 /* libform.tbd */,
				01F0B34223A445AA006072B6 /* libncurses.tbd */,
			);
			name = Frameworks;
			sourceTree = "<group>";
		};
/* End PBXGroup section */

/* Begin PBXNativeTarget section */
		01F0B33623A4452B006072B6 /* umlSequence */ = {
			isa = PBXNativeTarget;
			buildConfigurationList = 01F0B33E23A4452B006072B6 /* Build configuration list for PBXNativeTarget "umlSequence" */;
			buildPhases = (
				01F0B33323A4452B006072B6 /* Sources */,
				01F0B33423A4452B006072B6 /* Frameworks */,
				01F0B33523A4452B006072B6 /* CopyFiles */,
			);
			buildRules = (
			);
			dependencies = (
			);
			name = umlSequence;
			productName = umlSequence;
			productReference = 01F0B33723A4452B006072B6 /* umlSequence */;
			productType = "com.apple.product-type.tool";
		};
/* End PBXNativeTarget section */

/* Begin PBXProject section */
		01F0B32F23A4452B006072B6 /* Project object */ = {
			isa = PBXProject;
			attributes = {
				LastUpgradeCheck = 1120;
				ORGANIZATIONNAME = "Przemek Ambroży";
				TargetAttributes = {
					01F0B33623A4452B006072B6 = {
						CreatedOnToolsVersion = 11.2.1;
					};
				};
			};
			buildConfigurationList = 01F0B33223A4452B006072B6 /* Build configuration list for PBXProject "umlSequence" */;
			compatibilityVersion = "Xcode 9.3";
			developmentRegion = en;
			hasScannedForEncodings = 0;
			knownRegions = (
				en,
				Base,
			);
			mainGroup = 01F0B32E23A4452B006072B6;
			productRefGroup = 01F0B33823A4452B006072B6 /* Products */;
			projectDirPath = "";
			projectRoot = "";
			targets = (
				01F0B33623A4452B006072B6 /* umlSequence */,
			);
		};
/* End PBXProject section */

/* Begin PBXSourcesBuildPhase section */
		01F0B33323A4452B006072B6 /* Sources */ = {
			isa = PBXSourcesBuildPhase;
			buildActionMask = 2147483647;
			files = (
				01E08EE923A7F7780091F4D9 /* Document.cpp in Sources */,
				019068B723B165A30093536C /* Controller.cpp in Sources */,
				01F0B33B23A4452B006072B6 /* main.cpp in Sources */,
				01D59B6723B6040D00107258 /* Controllers.cpp in Sources */,
			);
			runOnlyForDeploymentPostprocessing = 0;
		};
/* End PBXSourcesBuildPhase section */

/* Begin XCBuildConfiguration section */
		01F0B33C23A4452B006072B6 /* Debug */ = {
			isa = XCBuildConfiguration;
			buildSettings = {
				ALWAYS_SEARCH_USER_PATHS = NO;
				CLANG_ANALYZER_NONNULL = YES;
				CLANG_ANALYZER_NUMBER_OBJECT_CONVERSION = YES_AGGRESSIVE;
				CLANG_CXX_LANGUAGE_STANDARD = "gnu++14";
				CLANG_CXX_LIBRARY = "libc++";
				CLANG_ENABLE_MODULES = YES;
				CLANG_ENABLE_OBJC_ARC = YES;
				CLANG_ENABLE_OBJC_WEAK = YES;
				CLANG_WARN_BLOCK_CAPTURE_AUTORELEASING = YES;
				CLANG_WARN_BOOL_CONVERSION = YES;
				CLANG_WARN_COMMA = YES;
				CLANG_WARN_CONSTANT_CONVERSION = YES;
				CLANG_WARN_DEPRECATED_OBJC_IMPLEMENTATIONS = YES;
				CLANG_WARN_DIRECT_OBJC_ISA_USAGE = YES_ERROR;
				CLANG_WARN_DOCUMENTATION_COMMENTS = YES;
				CLANG_WARN_EMPTY_BODY = YES;
				CLANG_WARN_ENUM_CONVERSION = YES;
				CLANG_WARN_INFINITE_RECURSION = YES;
				CLANG_WARN_INT_CONVERSION = YES;
				CLANG_WARN_NON_LITERAL_NULL_CONVERSION = YES;
				CLANG_WARN_OBJC_IMPLICIT_RETAIN_SELF = YES;
				CLANG_WARN_OBJC_LITERAL_CONVERSION = YES;
				CLANG_WARN_OBJC_ROOT_CLASS = YES_ERROR;
				CLANG_WARN_RANGE_LOOP_ANALYSIS = YES;
				CLANG_WARN_STRICT_PROTOTYPES = YES;
				CLANG_WARN_SUSPICIOUS_MOVE = YES;
				CLANG_WARN_UNGUARDED_AVAILABILITY = YES_AGGRESSIVE;
				CLANG_WARN_UNREACHABLE_CODE = YES;
				CLANG_WARN__DUPLICATE_METHOD_MATCH = YES;
				COPY_PHASE_STRIP = NO;
				DEBUG_INFORMATION_FORMAT = dwarf;
				ENABLE_STRICT_OBJC_MSGSEND = YES;
				ENABLE_TESTABILITY = YES;
				GCC_C_LANGUAGE_STANDARD = gnu11;
				GCC_DYNAMIC_NO_PIC = NO;
				GCC_NO_COMMON_BLOCKS = YES;
				GCC_OPTIMIZATION_LEVEL = 0;
				GCC_PREPROCESSOR_DEFINITIONS = (
					"DEBUG=1",
					"$(inherited)",
				);
				GCC_WARN_64_TO_32_BIT_CONVERSION = YES;
				GCC_WARN_ABOUT_RETURN_TYPE = YES_ERROR;
				GCC_WARN_UNDECLARED_SELECTOR = YES;
				GCC_WARN_UNINITIALIZED_AUTOS = YES_AGGRESSIVE;
				GCC_WARN_UNUSED_FUNCTION = YES;
				GCC_WARN_UNUSED_VARIABLE = YES;
				MACOSX_DEPLOYMENT_TARGET = 10.14;
				MTL_ENABLE_DEBUG_INFO = INCLUDE_SOURCE;
				MTL_FAST_MATH = YES;
				ONLY_ACTIVE_ARCH = YES;
				SDKROOT = macosx;
			};
			name = Debug;
		};
		01F0B33D23A4452B006072B6 /* Release */ = {
			isa = XCBuildConfiguration;
			buildSettings = {
				ALWAYS_SEARCH_USER_PATHS = NO;
				CLANG_ANALYZER_NONNULL = YES;
				CLANG_ANALYZER_NUMBER_OBJECT_CONVERSION = YES_AGGRESSIVE;
				CLANG_CXX_LANGUAGE_STANDARD = "gnu++14";
				CLANG_CXX_LIBRARY = "libc++";
				CLANG_ENABLE_MODULES = YES;
				CLANG_ENABLE_OBJC_ARC = YES;
				CLANG_ENABLE_OBJC_WEAK = YES;
				CLANG_WARN_BLOCK_CAPTURE_AUTORELEASING = YES;
				CLANG_WARN_BOOL_CONVERSION = YES;
				CLANG_WARN_COMMA = YES;
				CLANG_WARN_CONSTANT_CONVERSION = YES;
				CLANG_WARN_DEPRECATED_OBJC_IMPLEMENTATIONS = YES;
				CLANG_WARN_DIRECT_OBJC_ISA_USAGE = YES_ERROR;
				CLANG_WARN_DOCUMENTATION_COMMENTS = YES;
				CLANG_WARN_EMPTY_BODY = YES;
				CLANG_WARN_ENUM_CONVERSION = YES;
				CLANG_WARN_INFINITE_RECURSION = YES;
				CLANG_WARN_INT_CONVERSION = YES;
				CLANG_WARN_NON_LITERAL_NULL_CONVERSION = YES;
				CLANG_WARN_OBJC_IMPLICIT_RETAIN_SELF = YES;
				CLANG_WARN_OBJC_LITERAL_CONVERSION = YES;
				CLANG_WARN_OBJC_ROOT_CLASS = YES_ERROR;
				CLANG_WARN_RANGE_LOOP_ANALYSIS = YES;
				CLANG_WARN_STRICT_PROTOTYPES = YES;
				CLANG_WARN_SUSPICIOUS_MOVE = YES;
				CLANG_WARN_UNGUARDED_AVAILABILITY = YES_AGGRESSIVE;
				CLANG_WARN_UNREACHABLE_CODE = YES;
				CLANG_WARN__DUPLICATE_METHOD_MATCH = YES;
				COPY_PHASE_STRIP = NO;
				DEBUG_INFORMATION_FORMAT = "dwarf-with-dsym";
				ENABLE_NS_ASSERTIONS = NO;
				ENABLE_STRICT_OBJC_MSGSEND = YES;
				GCC_C_LANGUAGE_STANDARD = gnu11;
				GCC_NO_COMMON_BLOCKS = YES;
				GCC_WARN_64_TO_32_BIT_CONVERSION = YES;
				GCC_WARN_ABOUT_RETURN_TYPE = YES_ERROR;
				GCC_WARN_UNDECLARED_SELECTOR = YES;
				GCC_WARN_UNINITIALIZED_AUTOS = YES_AGGRESSIVE;
				GCC_WARN_UNUSED_FUNCTION = YES;
				GCC_WARN_UNUSED_VARIABLE = YES;
				MACOSX_DEPLOYMENT_TARGET = 10.14;
				MTL_ENABLE_DEBUG_INFO = NO;
				MTL_FAST_MATH = YES;
				SDKROOT = macosx;
			};
			name = Release;
		};
		01F0B33F23A4452B006072B6 /* Debug */ = {
			isa = XCBuildConfiguration;
			buildSettings = {
				CODE_SIGN_STYLE = Automatic;
				GCC_NO_COMMON_BLOCKS = NO;
				PRODUCT_NAME = "$(TARGET_NAME)";
			};
			name = Debug;
		};
		01F0B34023A4452B006072B6 /* Release */ = {
			isa = XCBuildConfiguration;
			buildSettings = {
				CODE_SIGN_STYLE = Automatic;
				GCC_NO_COMMON_BLOCKS = NO;
				PRODUCT_NAME = "$(TARGET_NAME)";
			};
			name = Release;
		};
/* End XCBuildConfiguration section */

/* Begin XCConfigurationList section */
		01F0B33223A4452B006072B6 /* Build configuration list for PBXProject "umlSequence" */ = {
			isa = XCConfigurationList;
			buildConfigurations = (
				01F0B33C23A4452B006072B6 /* Debug */,
				01F0B33D23A4452B006072B6 /* Release */,
			);
			defaultConfigurationIsVisible = 0;
			defaultConfigurationName = Release;
		};
		01F0B33E23A4452B006072B6 /* Build configuration list for PBXNativeTarget "umlSequence" */ = {
			isa = XCConfigurationList;
			buildConfigurations = (
				01F0B33F23A4452B006072B6 /* Debug */,
				01F0B34023A4452B006072B6 /* Release */,
			);
			defaultConfigurationIsVisible = 0;
			defaultConfigurationName = Release;
		};
/* End XCConfigurationList section */
	};
	rootObject = 01F0B32F23A4452B006072B6 /* Project object */;
}
